{
  "named": {
    "libraries": [
      {
        "description": {
          "extract": {
            "includes": [
              "googletest/include/**/*.h",
              "googletest/src/**.cc",
              "googletest/src/**.h",
              "googlemock/include/**/*.h",
              "googlemock/src/**.cc",
              "googlemock/src/**.h"
            ]
          }
        },
        "hash": "604ba376c3a407c6a40e39fbd0d5055c545f9898",
        "id": "libraries:GIT:Zefiros-Software/GoogleTest@master",
        "name": "Zefiros-Software/GoogleTest",
        "settings": {
        },
        "usage": {
          "required": {
            "builder": "builder:PATH:ZPM:builder/default",
            "extractor": "extractor:PATH:ZPM:extractor/default"
          }
        },
        "version": "master"
      },
      {
        "description": {
        },
        "hash": "2c4687431f978f02a3780e24b8b701d22aa32d9c",
        "id": "libraries:GIT:Zefiros-Software/flathashmap@master",
        "name": "Zefiros-Software/flathashmap",
        "settings": {
        },
        "usage": {
          "required": {
            "builder": "builder:PATH:ZPM:builder/default",
            "extractor": "extractor:PATH:ZPM:extractor/default"
          }
        },
        "version": "master"
      },
      {
        "description": {
        },
        "hash": "2d0475634404bb998a549c4e0be75b8624c11b19",
        "id": "libraries:GIT:Zefiros-Software/nanorange@master",
        "name": "Zefiros-Software/nanorange",
        "settings": {
        },
        "usage": {
          "required": {
            "builder": "builder:PATH:ZPM:builder/default",
            "extractor": "extractor:PATH:ZPM:extractor/default"
          }
        },
        "version": "master"
      },
      {
        "description": {
        },
        "hash": "295732a81780378c62d1c095078b4634dac8ec28",
        "id": "libraries:GIT:Zefiros-Software/nlohmannjson@master",
        "name": "Zefiros-Software/nlohmannjson",
        "settings": {
        },
        "usage": {
          "required": {
            "builder": "builder:PATH:ZPM:builder/default",
            "extractor": "extractor:PATH:ZPM:extractor/default"
          }
        },
        "version": "master"
      },
      {
        "description": {
        },
        "hash": "dbdb146eb569033d46f7d06beba92d7c00ee3b89",
        "id": "libraries:GIT:Zefiros-Software/simdpp@master",
        "name": "Zefiros-Software/simdpp",
        "settings": {
        },
        "usage": {
          "required": {
            "builder": "builder:PATH:ZPM:builder/default",
            "extractor": "extractor:PATH:ZPM:extractor/default"
          }
        },
        "version": "master"
      },
      {
        "description": {
        },
        "hash": "764f93f57f5b18cf4edcafb12e9ce1b42b3fcea9",
        "id": "libraries:GIT:Zefiros-Software/taskflow@master",
        "name": "Zefiros-Software/taskflow",
        "settings": {
        },
        "usage": {
          "required": {
            "builder": "builder:PATH:ZPM:builder/default",
            "extractor": "extractor:PATH:ZPM:extractor/default"
          }
        },
        "version": "master"
      }
    ]
  },
  "path": {
    "builder": [
      {
        "description": {
        },
        "id": "builder:PATH:ZPM:./",
        "name": "ZPM",
        "path": "./",
        "settings": {
        },
        "usage": {
        }
      },
      {
        "description": {
        },
        "id": "builder:PATH:ZPM:builder/default",
        "name": "ZPM",
        "path": "builder/default",
        "settings": {
        },
        "usage": {
        }
      }
    ],
    "extractor": [
      {
        "description": {
        },
        "id": "extractor:PATH:ZPM:./",
        "name": "ZPM",
        "path": "./",
        "settings": {
        },
        "usage": {
        }
      },
      {
        "description": {
          "extractor": {
            "excludes": [
              "**/test/**"
            ],
            "includes": [
              "**/src/**/*.h",
              "**/src/**/*.cpp",
              "**/src/**/*.cc",
              "**/src/**/*.cxx",
              "**/src/**/*.c",
              "**/src/**/*.s",
              "**/src/**/*.m",
              "**/src/**/*.mm",
              "**/include/**/*.h",
              "**/include/**/*.cpp",
              "**/include/**/*.cc",
              "**/include/**/*.cxx",
              "**/include/**/*.c",
              "**/include/**/*.s",
              "**/include/**/*.m",
              "**/include/**/*.mm"
            ]
          }
        },
        "id": "extractor:PATH:ZPM:extractor/default",
        "name": "ZPM",
        "path": "extractor/default",
        "settings": {
        },
        "usage": {
          "settings": {
            "libraries:GIT:Zefiros-Software/GoogleTest@master": {
              "includes": [
                "googletest/include/**/*.h",
                "googletest/src/**.cc",
                "googletest/src/**.h",
                "googlemock/include/**/*.h",
                "googlemock/src/**.cc",
                "googlemock/src/**.h"
              ]
            },
            "libraries:PATH:$ROOT:$ROOT:flathashmap": {
              "includes": [
                "*.hpp"
              ]
            },
            "libraries:PATH:$ROOT:$ROOT:nanorange": {
              "includes": [
                "single_include/*.hpp"
              ]
            },
            "libraries:PATH:$ROOT:$ROOT:nlohmannjson": {
              "includes": [
                "include/**/*.hpp"
              ]
            },
            "libraries:PATH:$ROOT:$ROOT:simdpp": {
              "includes": [
                "simdpp/**/*.h",
                "simdpp/**/*.hpp",
                "simdpp/**/*.inl"
              ]
            },
            "libraries:PATH:$ROOT:$ROOT:taskflow": {
              "includes": [
                "taskflow/**/*.hpp"
              ]
            }
          }
        }
      }
    ],
    "libraries": [
      {
        "description": {
        },
        "id": "libraries:PATH:$ROOT:$ROOT",
        "name": "$ROOT",
        "path": "./",
        "settings": {
        },
        "usage": {
          "required": {
            "builder": "builder:PATH:ZPM:builder/default",
            "extractor": "extractor:PATH:ZPM:extractor/default",
            "libraries": [
              "libraries:PATH:$ROOT:$ROOT:simdpp"
            ]
          }
        }
      },
      {
        "description": {
          "extract": {
            "includes": [
              "*.hpp"
            ]
          }
        },
        "id": "libraries:PATH:$ROOT:$ROOT:flathashmap",
        "name": "$ROOT",
        "path": "flathashmap",
        "root": "libraries:PATH:$ROOT:$ROOT",
        "settings": {
        },
        "usage": {
          "required": {
            "builder": "builder:PATH:ZPM:builder/default",
            "extractor": "extractor:PATH:ZPM:extractor/default",
            "libraries": [
              "libraries:GIT:Zefiros-Software/flathashmap@master"
            ]
          }
        }
      },
      {
        "description": {
          "extract": {
            "includes": [
              "googletest/include/**/*.h",
              "googletest/src/**.cc",
              "googletest/src/**.h",
              "googlemock/include/**/*.h",
              "googlemock/src/**.cc",
              "googlemock/src/**.h"
            ]
          }
        },
        "id": "libraries:PATH:$ROOT:$ROOT:googletest",
        "name": "$ROOT",
        "path": "googletest",
        "root": "libraries:PATH:$ROOT:$ROOT",
        "settings": {
        },
        "usage": {
          "required": {
            "builder": "builder:PATH:ZPM:builder/default",
            "extractor": "extractor:PATH:ZPM:extractor/default",
            "libraries": [
              "libraries:GIT:Zefiros-Software/GoogleTest@master"
            ]
          }
        }
      },
      {
        "description": {
          "extract": {
            "includes": [
              "single_include/*.hpp"
            ]
          }
        },
        "id": "libraries:PATH:$ROOT:$ROOT:nanorange",
        "name": "$ROOT",
        "path": "nanorange",
        "root": "libraries:PATH:$ROOT:$ROOT",
        "settings": {
        },
        "usage": {
          "required": {
            "builder": "builder:PATH:ZPM:builder/default",
            "extractor": "extractor:PATH:ZPM:extractor/default",
            "libraries": [
              "libraries:GIT:Zefiros-Software/nanorange@master"
            ]
          }
        }
      },
      {
        "description": {
          "extract": {
            "includes": [
              "include/**/*.hpp"
            ]
          }
        },
        "id": "libraries:PATH:$ROOT:$ROOT:nlohmannjson",
        "name": "$ROOT",
        "path": "nlohmannjson",
        "root": "libraries:PATH:$ROOT:$ROOT",
        "settings": {
        },
        "usage": {
          "required": {
            "builder": "builder:PATH:ZPM:builder/default",
            "extractor": "extractor:PATH:ZPM:extractor/default",
            "libraries": [
              "libraries:GIT:Zefiros-Software/nlohmannjson@master"
            ]
          }
        }
      },
      {
        "description": {
          "extract": {
            "includes": [
              "simdpp/**/*.h",
              "simdpp/**/*.hpp",
              "simdpp/**/*.inl"
            ]
          }
        },
        "id": "libraries:PATH:$ROOT:$ROOT:simdpp",
        "name": "$ROOT",
        "path": "simdpp",
        "root": "libraries:PATH:$ROOT:$ROOT",
        "settings": {
        },
        "usage": {
          "required": {
            "builder": "builder:PATH:ZPM:builder/default",
            "extractor": "extractor:PATH:ZPM:extractor/default",
            "libraries": [
              "libraries:GIT:Zefiros-Software/simdpp@master"
            ]
          }
        }
      },
      {
        "description": {
          "extract": {
            "includes": [
              "taskflow/**/*.hpp"
            ]
          }
        },
        "id": "libraries:PATH:$ROOT:$ROOT:taskflow",
        "name": "$ROOT",
        "path": "taskflow",
        "root": "libraries:PATH:$ROOT:$ROOT",
        "settings": {
        },
        "usage": {
          "required": {
            "builder": "builder:PATH:ZPM:builder/default",
            "extractor": "extractor:PATH:ZPM:extractor/default",
            "libraries": [
              "libraries:GIT:Zefiros-Software/taskflow@master"
            ]
          }
        }
      }
    ]
  }
}