{
  "versions": [
    {
      "definition": {
        "build": {
          "custom": "if (MSVC)\ntarget_compile_options(\"${PROJECT_NAME}\" INTERFACE /permissive-)\nendif()\n",
          "feature": [
            "cxx_std_17"
          ],
          "include": [
            "single_include"
          ],
          "self": {
            "private": {
              "link": [
                "Zefiros-Software/nanorange"
              ]
            },
            "public": {
            },
            "source": [
              "test/**.cpp"
            ],
            "template": "library-test"
          },
          "template": "headeronly"
        },
        "extract": {
          "include": [
            "single_include/*.hpp"
          ]
        }
      },
      "manifest": "libraries",
      "packageId": "ROOT:./",
      "settings": {
      },
      "usedBy": [
      ],
      "versionId": "libraries:ROOT:./"
    },
    {
      "definition": {
        "build": {
          "custom": "if (MSVC)\ntarget_compile_options(\"${PROJECT_NAME}\" INTERFACE /permissive-)\nendif()\n",
          "feature": [
            "cxx_std_17"
          ],
          "include": [
            "single_include"
          ],
          "self": {
            "private": {
              "link": [
                "Zefiros-Software/nanorange"
              ]
            },
            "source": [
              "test/**.cpp"
            ],
            "template": "library-test"
          },
          "template": "headeronly"
        },
        "extract": {
          "include": [
            "single_include/*.hpp"
          ]
        }
      },
      "dependsOn": [
        "libraries:ROOT:./"
      ],
      "manifest": "libraries",
      "packageId": "Zefiros-Software/nanorange",
      "settings": {
      },
      "usedBy": [
        {
          "optional": false,
          "versionId": "libraries:ROOT:./"
        }
      ],
      "version": {
        "hash": "2d0475634404bb998a549c4e0be75b8624c11b19",
        "name": "master",
        "version": "master"
      },
      "versionId": "libraries:Zefiros-Software:nanorange:master-2d047"
    },
    {
      "definition": {
      },
      "dependsOn": [
        "libraries:ROOT:./",
        "libraries:Zefiros-Software:nanorange:master-2d047"
      ],
      "manifest": "builder",
      "packageId": "ZPM:builder/default",
      "settings": {
        "custom": "if (MSVC)\ntarget_compile_options(\"${PROJECT_NAME}\" INTERFACE /permissive-)\nendif()\n",
        "feature": [
          "cxx_std_17"
        ],
        "include": [
          "single_include"
        ],
        "self": {
          "private": {
            "link": [
              "Zefiros-Software/nanorange"
            ]
          },
          "source": [
            "test/**.cpp"
          ],
          "template": "library-test"
        },
        "template": "headeronly"
      },
      "usedBy": [
        {
          "optional": false,
          "settings": {
            "custom": "if (MSVC)\ntarget_compile_options(\"${PROJECT_NAME}\" INTERFACE /permissive-)\nendif()\n",
            "private": {
            },
            "public": {
              "feature": [
                "cxx_std_17"
              ],
              "include": [
                "single_include"
              ]
            },
            "self": {
              "private": {
                "link": [
                  "Zefiros-Software/nanorange"
                ]
              },
              "source": [
                "test/**.cpp"
              ],
              "template": "library-test"
            },
            "template": "headeronly"
          },
          "versionId": "libraries:Zefiros-Software:nanorange:master-2d047"
        },
        {
          "optional": false,
          "settings": {
            "custom": "if (MSVC)\ntarget_compile_options(\"${PROJECT_NAME}\" INTERFACE /permissive-)\nendif()\n",
            "feature": [
              "cxx_std_17"
            ],
            "include": [
              "single_include"
            ],
            "self": {
              "private": {
                "link": [
                  "Zefiros-Software/nanorange"
                ]
              },
              "public": {
              },
              "source": [
                "test/**.cpp"
              ],
              "template": "library-test"
            },
            "template": "headeronly"
          },
          "versionId": "libraries:ROOT:./"
        }
      ],
      "versionId": "builder:ZPM:builder/default"
    },
    {
      "definition": {
        "extractor": {
          "excludes": [
            "**/test/**"
          ],
          "includes": [
            "**/src/**/*.h",
            "**/src/**/*.cpp",
            "**/src/**/*.cc",
            "**/src/**/*.cxx",
            "**/src/**/*.c",
            "**/src/**/*.s",
            "**/src/**/*.m",
            "**/src/**/*.mm",
            "**/include/**/*.h",
            "**/include/**/*.cpp",
            "**/include/**/*.cc",
            "**/include/**/*.cxx",
            "**/include/**/*.c",
            "**/include/**/*.s",
            "**/include/**/*.m",
            "**/include/**/*.mm"
          ]
        }
      },
      "dependsOn": [
        "libraries:ROOT:./",
        "libraries:Zefiros-Software:nanorange:master-2d047"
      ],
      "manifest": "extractor",
      "packageId": "ZPM:extractor/default",
      "settings": {
        "include": [
          "single_include/*.hpp"
        ]
      },
      "usedBy": [
        {
          "optional": false,
          "settings": {
            "include": [
              "single_include/*.hpp"
            ]
          },
          "versionId": "libraries:Zefiros-Software:nanorange:master-2d047"
        },
        {
          "optional": false,
          "settings": {
            "include": [
              "single_include/*.hpp"
            ]
          },
          "versionId": "libraries:ROOT:./"
        }
      ],
      "versionId": "extractor:ZPM:extractor/default"
    }
  ]
}