{
  "versions": [
    {
      "definition": {
      },
      "manifest": "builder",
      "packageId": "ZPM:builder/default",
      "settings": {
      },
      "usedBy": [
        {
          "optional": false,
          "settings": {
            "custom": [
              "if (MSVC)\ntarget_compile_options(\"${PROJECT_NAME}\" INTERFACE /permissive-)\nendif()\n"
            ],
            "feature": [
              "cxx_std_17"
            ],
            "include": [
              "include"
            ],
            "self": {
              "private": {
                "link": [
                  "Zefiros-Software/range-v3"
                ]
              },
              "public": {
              },
              "source": [
                "test/**.cpp"
              ],
              "template": "library-test"
            },
            "template": "headeronly"
          },
          "versionId": "libraries:ROOT:./"
        },
        {
          "optional": false,
          "settings": {
            "custom": [
              "if (MSVC)\ntarget_compile_options(\"${PROJECT_NAME}\" INTERFACE /permissive-)\nendif()\n"
            ],
            "private": {
            },
            "public": {
              "feature": [
                "cxx_std_17"
              ],
              "include": [
                "include"
              ]
            },
            "self": {
              "private": {
                "link": [
                  "Zefiros-Software/range-v3"
                ]
              },
              "source": [
                "test/**.cpp"
              ],
              "template": "library-test"
            },
            "template": "headeronly"
          },
          "versionId": "libraries:Zefiros-Software:range-v3:0.5.0-f2ab8"
        }
      ],
      "versionId": "builder:ZPM:builder/default"
    },
    {
      "definition": {
        "extractor": {
          "excludes": [
            "**/test/**"
          ],
          "includes": [
            "**/src/**/*.h",
            "**/src/**/*.cpp",
            "**/src/**/*.cc",
            "**/src/**/*.cxx",
            "**/src/**/*.c",
            "**/src/**/*.s",
            "**/src/**/*.m",
            "**/src/**/*.mm",
            "**/include/**/*.h",
            "**/include/**/*.cpp",
            "**/include/**/*.cc",
            "**/include/**/*.cxx",
            "**/include/**/*.c",
            "**/include/**/*.s",
            "**/include/**/*.m",
            "**/include/**/*.mm"
          ]
        }
      },
      "manifest": "extractor",
      "packageId": "ZPM:extractor/default",
      "settings": {
      },
      "usedBy": [
        {
          "optional": false,
          "settings": {
            "include": [
              "include/**/*.hpp"
            ]
          },
          "versionId": "libraries:ROOT:./"
        },
        {
          "optional": false,
          "settings": {
            "include": [
              "include/**/*.hpp"
            ]
          },
          "versionId": "libraries:Zefiros-Software:range-v3:0.5.0-f2ab8"
        }
      ],
      "versionId": "extractor:ZPM:extractor/default"
    },
    {
      "definition": {
        "build": {
          "custom": [
            "if (MSVC)\ntarget_compile_options(\"${PROJECT_NAME}\" INTERFACE /permissive-)\nendif()\n"
          ],
          "feature": [
            "cxx_std_17"
          ],
          "include": [
            "include"
          ],
          "self": {
            "private": {
              "link": [
                "Zefiros-Software/range-v3"
              ]
            },
            "public": {
            },
            "source": [
              "test/**.cpp"
            ],
            "template": "library-test"
          },
          "template": "headeronly"
        },
        "extract": {
          "include": [
            "include/**/*.hpp"
          ]
        }
      },
      "manifest": "libraries",
      "packageId": "ROOT:./",
      "settings": {
      },
      "usedBy": [
      ],
      "versionId": "libraries:ROOT:./"
    },
    {
      "definition": {
        "build": {
          "custom": [
            "if (MSVC)\ntarget_compile_options(\"${PROJECT_NAME}\" INTERFACE /permissive-)\nendif()\n"
          ],
          "feature": [
            "cxx_std_17"
          ],
          "include": [
            "include"
          ],
          "self": {
            "private": {
              "link": [
                "Zefiros-Software/range-v3"
              ]
            },
            "source": [
              "test/**.cpp"
            ],
            "template": "library-test"
          },
          "template": "headeronly"
        },
        "extract": {
          "include": [
            "include/**/*.hpp"
          ]
        }
      },
      "manifest": "libraries",
      "packageId": "Zefiros-Software/range-v3",
      "settings": {
      },
      "usedBy": [
        {
          "optional": false,
          "versionId": "libraries:ROOT:./"
        }
      ],
      "version": {
        "hash": "f2ab89adb8ec6251361bba40737ec298e2cc7d38",
        "name": "0.5.0",
        "version": "0.5.0"
      },
      "versionId": "libraries:Zefiros-Software:range-v3:0.5.0-f2ab8"
    }
  ]
}