{
  "versions": [
    {
      "definition": {
        "build": {
          "include": [
            "googletest/include"
          ],
          "private": {
            "include": [
              "googletest"
            ]
          },
          "self": {
            "private": {
              "link": [
                "Zefiros-Software/GoogleTest:gtest"
              ]
            },
            "public": {
            },
            "source": [
              "test/*.cpp"
            ],
            "template": "library-test"
          },
          "source": [
            "googletest/src/gtest-all.cc"
          ],
          "template": "library"
        },
        "extract": {
          "include": [
            "googletest/include/**/*.h",
            "googletest/src/**.cc",
            "googletest/src/**.h"
          ]
        }
      },
      "manifest": "libraries",
      "packageId": "ROOT",
      "settings": {
      },
      "usedBy": [
      ],
      "versionId": "libraries:ROOT"
    },
    {
      "definition": {
        "build": {
          "include": [
            "googletest/include"
          ],
          "private": {
            "include": [
              "googletest"
            ]
          },
          "self": {
            "private": {
              "link": [
                "Zefiros-Software/GoogleTest:gtest"
              ]
            },
            "source": [
              "test/*.cpp"
            ],
            "template": "library-test"
          },
          "source": [
            "googletest/src/gtest-all.cc"
          ],
          "template": "library"
        },
        "extract": {
          "include": [
            "googletest/include/**/*.h",
            "googletest/src/**.cc",
            "googletest/src/**.h"
          ]
        }
      },
      "dependsOn": [
        "libraries:ROOT"
      ],
      "manifest": "libraries",
      "packageId": "Zefiros-Software/GoogleTest:gtest",
      "settings": {
      },
      "usedBy": [
        {
          "optional": false,
          "versionId": "libraries:ROOT"
        }
      ],
      "versionId": "libraries:Zefiros-Software/GoogleTest:gtest"
    },
    {
      "definition": {
      },
      "dependsOn": [
        "libraries:ROOT"
      ],
      "manifest": "libraries",
      "packageId": "Zefiros-Software/GoogleTest",
      "settings": {
      },
      "usedBy": [
        {
          "optional": false,
          "versionId": "libraries:ROOT"
        }
      ],
      "version": {
        "hash": "2134e3fd857d952e03ce76064fad5ac6e9036104",
        "name": "master",
        "version": "master"
      },
      "versionId": "libraries:Zefiros-Software:GoogleTest:master-2134e"
    },
    {
      "definition": {
      },
      "dependsOn": [
        "libraries:ROOT",
        "libraries:Zefiros-Software/GoogleTest:gtest",
        "libraries:Zefiros-Software:GoogleTest:master-2134e"
      ],
      "manifest": "builder",
      "packageId": "ZPM:builder/default",
      "settings": {
        "include": [
          "googletest/include"
        ],
        "private": {
          "include": [
            "googletest"
          ]
        },
        "self": {
          "private": {
            "link": [
              "Zefiros-Software/GoogleTest:gtest"
            ]
          },
          "source": [
            "test/*.cpp"
          ],
          "template": "library-test"
        },
        "source": [
          "googletest/src/gtest-all.cc"
        ],
        "template": "library"
      },
      "usedBy": [
        {
          "optional": false,
          "versionId": "libraries:Zefiros-Software:GoogleTest:master-2134e"
        },
        {
          "optional": false,
          "settings": {
            "private": {
              "include": [
                "googletest"
              ]
            },
            "public": {
              "include": [
                "googletest/include"
              ]
            },
            "self": {
              "private": {
                "link": [
                  "Zefiros-Software/GoogleTest:gtest"
                ]
              },
              "source": [
                "test/*.cpp"
              ],
              "template": "library-test"
            },
            "source": [
              "googletest/src/gtest-all.cc"
            ],
            "template": "library"
          },
          "versionId": "libraries:Zefiros-Software/GoogleTest:gtest"
        },
        {
          "optional": false,
          "settings": {
            "include": [
              "googletest/include"
            ],
            "private": {
              "include": [
                "googletest"
              ]
            },
            "self": {
              "private": {
                "link": [
                  "Zefiros-Software/GoogleTest:gtest"
                ]
              },
              "public": {
              },
              "source": [
                "test/*.cpp"
              ],
              "template": "library-test"
            },
            "source": [
              "googletest/src/gtest-all.cc"
            ],
            "template": "library"
          },
          "versionId": "libraries:ROOT"
        }
      ],
      "versionId": "builder:ZPM:builder/default"
    },
    {
      "definition": {
        "extractor": {
          "excludes": [
            "**/test/**"
          ],
          "includes": [
            "**/src/**/*.h",
            "**/src/**/*.cpp",
            "**/src/**/*.cc",
            "**/src/**/*.cxx",
            "**/src/**/*.c",
            "**/src/**/*.s",
            "**/src/**/*.m",
            "**/src/**/*.mm",
            "**/include/**/*.h",
            "**/include/**/*.cpp",
            "**/include/**/*.cc",
            "**/include/**/*.cxx",
            "**/include/**/*.c",
            "**/include/**/*.s",
            "**/include/**/*.m",
            "**/include/**/*.mm"
          ]
        }
      },
      "dependsOn": [
        "libraries:ROOT",
        "libraries:Zefiros-Software/GoogleTest:gtest",
        "libraries:Zefiros-Software:GoogleTest:master-2134e"
      ],
      "manifest": "extractor",
      "packageId": "ZPM:extractor/default",
      "settings": {
        "include": [
          "googletest/include/**/*.h",
          "googletest/src/**.cc",
          "googletest/src/**.h"
        ]
      },
      "usedBy": [
        {
          "optional": false,
          "versionId": "libraries:Zefiros-Software:GoogleTest:master-2134e"
        },
        {
          "optional": false,
          "settings": {
            "include": [
              "googletest/include/**/*.h",
              "googletest/src/**.cc",
              "googletest/src/**.h"
            ]
          },
          "versionId": "libraries:Zefiros-Software/GoogleTest:gtest"
        },
        {
          "optional": false,
          "settings": {
            "include": [
              "googletest/include/**/*.h",
              "googletest/src/**.cc",
              "googletest/src/**.h"
            ]
          },
          "versionId": "libraries:ROOT"
        }
      ],
      "versionId": "extractor:ZPM:extractor/default"
    }
  ]
}